// !$*UTF8*$!
{
	archiveVersion = 1;
	classes = {
	};
	objectVersion = 46;
	objects = {

/* Begin PBXBuildFile section */
		AD0CCE9817E50CD000792099 /* Foundation.framework in Frameworks */ = {isa = PBXBuildFile; fileRef = AD0CCE9717E50CD000792099 /* Foundation.framework */; };
		AD0CCEC017E50CFA00792099 /* Core.m in Sources */ = {isa = PBXBuildFile; fileRef = AD0CCEBF17E50CFA00792099 /* Core.m */; };
		AD9254AC17E620B9006EC87F /* SenTestingKit.framework in Frameworks */ = {isa = PBXBuildFile; fileRef = AD9254AB17E620B9006EC87F /* SenTestingKit.framework */; };
		AD9254AD17E620B9006EC87F /* UIKit.framework in Frameworks */ = {isa = PBXBuildFile; fileRef = AD0CCEA817E50CD000792099 /* UIKit.framework */; };
		AD9254AE17E620B9006EC87F /* Foundation.framework in Frameworks */ = {isa = PBXBuildFile; fileRef = AD0CCE9717E50CD000792099 /* Foundation.framework */; };
		AD9254B417E620B9006EC87F /* InfoPlist.strings in Resources */ = {isa = PBXBuildFile; fileRef = AD9254B217E620B9006EC87F /* InfoPlist.strings */; };
		AD9254B717E620B9006EC87F /* CoreTests.m in Sources */ = {isa = PBXBuildFile; fileRef = AD9254B617E620B9006EC87F /* CoreTests.m */; };
/* End PBXBuildFile section */

/* Begin PBXCopyFilesBuildPhase section */
		AD0CCE9217E50CD000792099 /* CopyFiles */ = {
			isa = PBXCopyFilesBuildPhase;
			buildActionMask = 2147483647;
			dstPath = "include/$(PRODUCT_NAME)";
			dstSubfolderSpec = 16;
			files = (
			);
			runOnlyForDeploymentPostprocessing = 0;
		};
/* End PBXCopyFilesBuildPhase section */

/* Begin PBXFileReference section */
		193A1A8FC72841DB9E3C1AF0 /* libPods-CoreTests.a */ = {isa = PBXFileReference; explicitFileType = archive.ar; includeInIndex = 0; path = "libPods-CoreTests.a"; sourceTree = BUILT_PRODUCTS_DIR; };
		87516076236D45A5879F0703 /* Pods-CoreTests.xcconfig */ = {isa = PBXFileReference; includeInIndex = 1; lastKnownFileType = text.xcconfig; name = "Pods-CoreTests.xcconfig"; path = "Pods/Pods-CoreTests.xcconfig"; sourceTree = "<group>"; };
		AD0CCE9417E50CD000792099 /* libCore.a */ = {isa = PBXFileReference; explicitFileType = archive.ar; includeInIndex = 0; path = libCore.a; sourceTree = BUILT_PRODUCTS_DIR; };
		AD0CCE9717E50CD000792099 /* Foundation.framework */ = {isa = PBXFileReference; lastKnownFileType = wrapper.framework; name = Foundation.framework; path = System/Library/Frameworks/Foundation.framework; sourceTree = SDKROOT; };
		AD0CCE9B17E50CD000792099 /* Core-Prefix.pch */ = {isa = PBXFileReference; lastKnownFileType = sourcecode.c.h; path = "Core-Prefix.pch"; sourceTree = "<group>"; };
		AD0CCEA517E50CD000792099 /* XCTest.framework */ = {isa = PBXFileReference; lastKnownFileType = wrapper.framework; name = XCTest.framework; path = Library/Frameworks/XCTest.framework; sourceTree = DEVELOPER_DIR; };
		AD0CCEA817E50CD000792099 /* UIKit.framework */ = {isa = PBXFileReference; lastKnownFileType = wrapper.framework; name = UIKit.framework; path = Library/Frameworks/UIKit.framework; sourceTree = DEVELOPER_DIR; };
		AD0CCEAF17E50CD000792099 /* CoreTests-Info.plist */ = {isa = PBXFileReference; lastKnownFileType = text.plist.xml; path = "CoreTests-Info.plist"; sourceTree = "<group>"; };
		AD0CCEB117E50CD000792099 /* en */ = {isa = PBXFileReference; lastKnownFileType = text.plist.strings; name = en; path = en.lproj/InfoPlist.strings; sourceTree = "<group>"; };
		AD0CCEB317E50CD000792099 /* CoreTests.m */ = {isa = PBXFileReference; lastKnownFileType = sourcecode.c.objc; path = CoreTests.m; sourceTree = "<group>"; };
		AD0CCEBE17E50CFA00792099 /* Core.h */ = {isa = PBXFileReference; fileEncoding = 4; lastKnownFileType = sourcecode.c.h; path = Core.h; sourceTree = "<group>"; };
		AD0CCEBF17E50CFA00792099 /* Core.m */ = {isa = PBXFileReference; fileEncoding = 4; lastKnownFileType = sourcecode.c.objc; path = Core.m; sourceTree = "<group>"; };
		AD9254AA17E620B9006EC87F /* CoreTests.octest */ = {isa = PBXFileReference; explicitFileType = wrapper.cfbundle; includeInIndex = 0; path = CoreTests.octest; sourceTree = BUILT_PRODUCTS_DIR; };
		AD9254AB17E620B9006EC87F /* SenTestingKit.framework */ = {isa = PBXFileReference; lastKnownFileType = wrapper.framework; name = SenTestingKit.framework; path = Library/Frameworks/SenTestingKit.framework; sourceTree = DEVELOPER_DIR; };
		AD9254B117E620B9006EC87F /* CoreTests-Info.plist */ = {isa = PBXFileReference; lastKnownFileType = text.plist.xml; path = "CoreTests-Info.plist"; sourceTree = "<group>"; };
		AD9254B317E620B9006EC87F /* en */ = {isa = PBXFileReference; lastKnownFileType = text.plist.strings; name = en; path = en.lproj/InfoPlist.strings; sourceTree = "<group>"; };
		AD9254B517E620B9006EC87F /* CoreTests.h */ = {isa = PBXFileReference; lastKnownFileType = sourcecode.c.h; path = CoreTests.h; sourceTree = "<group>"; };
		AD9254B617E620B9006EC87F /* CoreTests.m */ = {isa = PBXFileReference; lastKnownFileType = sourcecode.c.objc; path = CoreTests.m; sourceTree = "<group>"; };
		AD9254B817E620B9006EC87F /* CoreTests-Prefix.pch */ = {isa = PBXFileReference; lastKnownFileType = sourcecode.c.h; path = "CoreTests-Prefix.pch"; sourceTree = "<group>"; };
/* End PBXFileReference section */

/* Begin PBXFrameworksBuildPhase section */
		AD0CCE9117E50CD000792099 /* Frameworks */ = {
			isa = PBXFrameworksBuildPhase;
			buildActionMask = 2147483647;
			files = (
				AD0CCE9817E50CD000792099 /* Foundation.framework in Frameworks */,
			);
			runOnlyForDeploymentPostprocessing = 0;
		};
		AD9254A617E620B9006EC87F /* Frameworks */ = {
			isa = PBXFrameworksBuildPhase;
			buildActionMask = 2147483647;
			files = (
				AD9254AC17E620B9006EC87F /* SenTestingKit.framework in Frameworks */,
				AD9254AD17E620B9006EC87F /* UIKit.framework in Frameworks */,
				AD9254AE17E620B9006EC87F /* Foundation.framework in Frameworks */,
			);
			runOnlyForDeploymentPostprocessing = 0;
		};
/* End PBXFrameworksBuildPhase section */

/* Begin PBXGroup section */
		AD0CCE8B17E50CD000792099 = {
			isa = PBXGroup;
			children = (
				AD0CCE9917E50CD000792099 /* Core */,
				AD0CCEAD17E50CD000792099 /* CoreTests */,
				AD9254AF17E620B9006EC87F /* CoreTests */,
				AD0CCE9617E50CD000792099 /* Frameworks */,
				AD0CCE9517E50CD000792099 /* Products */,
				87516076236D45A5879F0703 /* Pods-CoreTests.xcconfig */,
			);
			sourceTree = "<group>";
		};
		AD0CCE9517E50CD000792099 /* Products */ = {
			isa = PBXGroup;
			children = (
				AD0CCE9417E50CD000792099 /* libCore.a */,
				AD9254AA17E620B9006EC87F /* CoreTests.octest */,
			);
			name = Products;
			sourceTree = "<group>";
		};
		AD0CCE9617E50CD000792099 /* Frameworks */ = {
			isa = PBXGroup;
			children = (
				AD0CCE9717E50CD000792099 /* Foundation.framework */,
				AD0CCEA517E50CD000792099 /* XCTest.framework */,
				AD0CCEA817E50CD000792099 /* UIKit.framework */,
				193A1A8FC72841DB9E3C1AF0 /* libPods-CoreTests.a */,
				AD9254AB17E620B9006EC87F /* SenTestingKit.framework */,
			);
			name = Frameworks;
			sourceTree = "<group>";
		};
		AD0CCE9917E50CD000792099 /* Core */ = {
			isa = PBXGroup;
			children = (
				AD0CCEBD17E50CFA00792099 /* Code */,
				AD0CCE9A17E50CD000792099 /* Supporting Files */,
			);
			path = Core;
			sourceTree = "<group>";
		};
		AD0CCE9A17E50CD000792099 /* Supporting Files */ = {
			isa = PBXGroup;
			children = (
				AD0CCE9B17E50CD000792099 /* Core-Prefix.pch */,
			);
			name = "Supporting Files";
			sourceTree = "<group>";
		};
		AD0CCEAD17E50CD000792099 /* CoreTests */ = {
			isa = PBXGroup;
			children = (
				AD0CCEB317E50CD000792099 /* CoreTests.m */,
				AD0CCEAE17E50CD000792099 /* Supporting Files */,
			);
			path = CoreTests;
			sourceTree = "<group>";
		};
		AD0CCEAE17E50CD000792099 /* Supporting Files */ = {
			isa = PBXGroup;
			children = (
				AD0CCEAF17E50CD000792099 /* CoreTests-Info.plist */,
				AD0CCEB017E50CD000792099 /* InfoPlist.strings */,
			);
			name = "Supporting Files";
			sourceTree = "<group>";
		};
		AD0CCEBD17E50CFA00792099 /* Code */ = {
			isa = PBXGroup;
			children = (
				AD0CCEBE17E50CFA00792099 /* Core.h */,
				AD0CCEBF17E50CFA00792099 /* Core.m */,
			);
			path = Code;
			sourceTree = "<group>";
		};
		AD9254AF17E620B9006EC87F /* CoreTests */ = {
			isa = PBXGroup;
			children = (
				AD9254B517E620B9006EC87F /* CoreTests.h */,
				AD9254B617E620B9006EC87F /* CoreTests.m */,
				AD9254B017E620B9006EC87F /* Supporting Files */,
			);
			path = CoreTests;
			sourceTree = "<group>";
		};
		AD9254B017E620B9006EC87F /* Supporting Files */ = {
			isa = PBXGroup;
			children = (
				AD9254B117E620B9006EC87F /* CoreTests-Info.plist */,
				AD9254B217E620B9006EC87F /* InfoPlist.strings */,
				AD9254B817E620B9006EC87F /* CoreTests-Prefix.pch */,
			);
			name = "Supporting Files";
			sourceTree = "<group>";
		};
/* End PBXGroup section */

/* Begin PBXNativeTarget section */
		AD0CCE9317E50CD000792099 /* Core */ = {
			isa = PBXNativeTarget;
			buildConfigurationList = AD0CCEB717E50CD000792099 /* Build configuration list for PBXNativeTarget "Core" */;
			buildPhases = (
				AD0CCE9017E50CD000792099 /* Sources */,
				AD0CCE9117E50CD000792099 /* Frameworks */,
				AD0CCE9217E50CD000792099 /* CopyFiles */,
			);
			buildRules = (
			);
			dependencies = (
			);
			name = Core;
			productName = Core;
			productReference = AD0CCE9417E50CD000792099 /* libCore.a */;
			productType = "com.apple.product-type.library.static";
		};
		AD9254A917E620B9006EC87F /* CoreTests */ = {
			isa = PBXNativeTarget;
			buildConfigurationList = AD9254B917E620B9006EC87F /* Build configuration list for PBXNativeTarget "CoreTests" */;
			buildPhases = (
				AD9254A517E620B9006EC87F /* Sources */,
				AD9254A617E620B9006EC87F /* Frameworks */,
				AD9254A717E620B9006EC87F /* Resources */,
				AD9254A817E620B9006EC87F /* ShellScript */,
			);
			buildRules = (
			);
			dependencies = (
			);
			name = CoreTests;
			productName = CoreTests;
			productReference = AD9254AA17E620B9006EC87F /* CoreTests.octest */;
			productType = "com.apple.product-type.bundle";
		};
/* End PBXNativeTarget section */

/* Begin PBXProject section */
		AD0CCE8C17E50CD000792099 /* Project object */ = {
			isa = PBXProject;
			attributes = {
				LastUpgradeCheck = 0500;
				ORGANIZATIONNAME = CriolloKit;
				TargetAttributes = {
					AD0CCEA317E50CD000792099 = {
						TestTargetID = AD0CCE9317E50CD000792099;
					};
				};
			};
			buildConfigurationList = AD0CCE8F17E50CD000792099 /* Build configuration list for PBXProject "Core" */;
			compatibilityVersion = "Xcode 3.2";
			developmentRegion = English;
			hasScannedForEncodings = 0;
			knownRegions = (
				en,
			);
			mainGroup = AD0CCE8B17E50CD000792099;
			productRefGroup = AD0CCE9517E50CD000792099 /* Products */;
			projectDirPath = "";
			projectRoot = "";
			targets = (
				AD0CCE9317E50CD000792099 /* Core */,
				AD9254A917E620B9006EC87F /* CoreTests */,
			);
		};
/* End PBXProject section */

/* Begin PBXResourcesBuildPhase section */
		AD9254A717E620B9006EC87F /* Resources */ = {
			isa = PBXResourcesBuildPhase;
			buildActionMask = 2147483647;
			files = (
				AD9254B417E620B9006EC87F /* InfoPlist.strings in Resources */,
			);
			runOnlyForDeploymentPostprocessing = 0;
		};
/* End PBXResourcesBuildPhase section */

/* Begin PBXShellScriptBuildPhase section */
		AD9254A817E620B9006EC87F /* ShellScript */ = {
			isa = PBXShellScriptBuildPhase;
			buildActionMask = 2147483647;
			files = (
			);
			inputPaths = (
			);
			outputPaths = (
			);
			runOnlyForDeploymentPostprocessing = 0;
			shellPath = /bin/sh;
			shellScript = "# Run the unit tests in this test bundle.\n\"${SYSTEM_DEVELOPER_DIR}/Tools/RunUnitTests\"\n";
		};
/* End PBXShellScriptBuildPhase section */

/* Begin PBXSourcesBuildPhase section */
		AD0CCE9017E50CD000792099 /* Sources */ = {
			isa = PBXSourcesBuildPhase;
			buildActionMask = 2147483647;
			files = (
				AD0CCEC017E50CFA00792099 /* Core.m in Sources */,
			);
			runOnlyForDeploymentPostprocessing = 0;
		};
		AD9254A517E620B9006EC87F /* Sources */ = {
			isa = PBXSourcesBuildPhase;
			buildActionMask = 2147483647;
			files = (
				AD9254B717E620B9006EC87F /* CoreTests.m in Sources */,
			);
			runOnlyForDeploymentPostprocessing = 0;
		};
/* End PBXSourcesBuildPhase section */

/* Begin PBXVariantGroup section */
		AD0CCEB017E50CD000792099 /* InfoPlist.strings */ = {
			isa = PBXVariantGroup;
			children = (
				AD0CCEB117E50CD000792099 /* en */,
			);
			name = InfoPlist.strings;
			sourceTree = "<group>";
		};
		AD9254B217E620B9006EC87F /* InfoPlist.strings */ = {
			isa = PBXVariantGroup;
			children = (
				AD9254B317E620B9006EC87F /* en */,
			);
			name = InfoPlist.strings;
			sourceTree = "<group>";
		};
/* End PBXVariantGroup section */

/* Begin XCBuildConfiguration section */
		AD0CCEB517E50CD000792099 /* Debug */ = {
			isa = XCBuildConfiguration;
			buildSettings = {
				ALWAYS_SEARCH_USER_PATHS = NO;
				ARCHS = "$(ARCHS_STANDARD_INCLUDING_64_BIT)";
				CLANG_CXX_LANGUAGE_STANDARD = "gnu++0x";
				CLANG_CXX_LIBRARY = "libc++";
				CLANG_ENABLE_MODULES = YES;
				CLANG_ENABLE_OBJC_ARC = YES;
				CLANG_WARN_BOOL_CONVERSION = YES;
				CLANG_WARN_CONSTANT_CONVERSION = YES;
				CLANG_WARN_DIRECT_OBJC_ISA_USAGE = YES_ERROR;
				CLANG_WARN_EMPTY_BODY = YES;
				CLANG_WARN_ENUM_CONVERSION = YES;
				CLANG_WARN_INT_CONVERSION = YES;
				CLANG_WARN_OBJC_ROOT_CLASS = YES_ERROR;
				CLANG_WARN__DUPLICATE_METHOD_MATCH = YES;
				COPY_PHASE_STRIP = NO;
				GCC_C_LANGUAGE_STANDARD = gnu99;
				GCC_DYNAMIC_NO_PIC = NO;
				GCC_OPTIMIZATION_LEVEL = 0;
				GCC_PREPROCESSOR_DEFINITIONS = (
					"DEBUG=1",
					"$(inherited)",
				);
				GCC_SYMBOLS_PRIVATE_EXTERN = NO;
				GCC_WARN_64_TO_32_BIT_CONVERSION = YES;
				GCC_WARN_ABOUT_RETURN_TYPE = YES_ERROR;
				GCC_WARN_UNDECLARED_SELECTOR = YES;
				GCC_WARN_UNINITIALIZED_AUTOS = YES;
				GCC_WARN_UNUSED_FUNCTION = YES;
				GCC_WARN_UNUSED_VARIABLE = YES;
				IPHONEOS_DEPLOYMENT_TARGET = 6.0;
				ONLY_ACTIVE_ARCH = NO;
				SDKROOT = iphoneos;
				VALID_ARCHS = armv7;
			};
			name = Debug;
		};
		AD0CCEB617E50CD000792099 /* Release */ = {
			isa = XCBuildConfiguration;
			buildSettings = {
				ALWAYS_SEARCH_USER_PATHS = NO;
				ARCHS = "$(ARCHS_STANDARD_INCLUDING_64_BIT)";
				CLANG_CXX_LANGUAGE_STANDARD = "gnu++0x";
				CLANG_CXX_LIBRARY = "libc++";
				CLANG_ENABLE_MODULES = YES;
				CLANG_ENABLE_OBJC_ARC = YES;
				CLANG_WARN_BOOL_CONVERSION = YES;
				CLANG_WARN_CONSTANT_CONVERSION = YES;
				CLANG_WARN_DIRECT_OBJC_ISA_USAGE = YES_ERROR;
				CLANG_WARN_EMPTY_BODY = YES;
				CLANG_WARN_ENUM_CONVERSION = YES;
				CLANG_WARN_INT_CONVERSION = YES;
				CLANG_WARN_OBJC_ROOT_CLASS = YES_ERROR;
				CLANG_WARN__DUPLICATE_METHOD_MATCH = YES;
				COPY_PHASE_STRIP = YES;
				ENABLE_NS_ASSERTIONS = NO;
				GCC_C_LANGUAGE_STANDARD = gnu99;
				GCC_WARN_64_TO_32_BIT_CONVERSION = YES;
				GCC_WARN_ABOUT_RETURN_TYPE = YES_ERROR;
				GCC_WARN_UNDECLARED_SELECTOR = YES;
				GCC_WARN_UNINITIALIZED_AUTOS = YES;
				GCC_WARN_UNUSED_FUNCTION = YES;
				GCC_WARN_UNUSED_VARIABLE = YES;
				IPHONEOS_DEPLOYMENT_TARGET = 6.0;
				SDKROOT = iphoneos;
				VALIDATE_PRODUCT = YES;
				VALID_ARCHS = armv7;
			};
			name = Release;
		};
		AD0CCEB817E50CD000792099 /* Debug */ = {
			isa = XCBuildConfiguration;
			buildSettings = {
				DSTROOT = /tmp/Core.dst;
				GCC_PRECOMPILE_PREFIX_HEADER = YES;
				GCC_PREFIX_HEADER = "Core/Core-Prefix.pch";
				ONLY_ACTIVE_ARCH = NO;
				OTHER_LDFLAGS = "-ObjC";
				PRODUCT_NAME = "$(TARGET_NAME)";
				SKIP_INSTALL = YES;
				VALID_ARCHS = "arm64 armv7 armv7s x86_64";
			};
			name = Debug;
		};
		AD0CCEB917E50CD000792099 /* Release */ = {
			isa = XCBuildConfiguration;
			buildSettings = {
				DSTROOT = /tmp/Core.dst;
				GCC_PRECOMPILE_PREFIX_HEADER = YES;
				GCC_PREFIX_HEADER = "Core/Core-Prefix.pch";
				ONLY_ACTIVE_ARCH = NO;
				OTHER_LDFLAGS = "-ObjC";
				PRODUCT_NAME = "$(TARGET_NAME)";
				SKIP_INSTALL = YES;
				VALID_ARCHS = "arm64 armv7 armv7s x86_64";
			};
			name = Release;
		};
		AD9254BA17E620B9006EC87F /* Debug */ = {
			isa = XCBuildConfiguration;
			buildSettings = {
				FRAMEWORK_SEARCH_PATHS = (
					"\"$(SDKROOT)/Developer/Library/Frameworks\"",
					"\"$(DEVELOPER_LIBRARY_DIR)/Frameworks\"",
				);
				GCC_PRECOMPILE_PREFIX_HEADER = YES;
				GCC_PREFIX_HEADER = "CoreTests/CoreTests-Prefix.pch";
				GCC_WARN_ABOUT_RETURN_TYPE = YES;
				INFOPLIST_FILE = "CoreTests/CoreTests-Info.plist";
				IPHONEOS_DEPLOYMENT_TARGET = 6.1;
				ONLY_ACTIVE_ARCH = NO;
				PRODUCT_NAME = "$(TARGET_NAME)";
				WRAPPER_EXTENSION = octest;
			};
			name = Debug;
		};
		AD9254BB17E620B9006EC87F /* Release */ = {
			isa = XCBuildConfiguration;
			buildSettings = {
				FRAMEWORK_SEARCH_PATHS = (
					"\"$(SDKROOT)/Developer/Library/Frameworks\"",
					"\"$(DEVELOPER_LIBRARY_DIR)/Frameworks\"",
				);
				GCC_PRECOMPILE_PREFIX_HEADER = YES;
				GCC_PREFIX_HEADER = "CoreTests/CoreTests-Prefix.pch";
				GCC_WARN_ABOUT_RETURN_TYPE = YES;
				INFOPLIST_FILE = "CoreTests/CoreTests-Info.plist";
				IPHONEOS_DEPLOYMENT_TARGET = 6.1;
				PRODUCT_NAME = "$(TARGET_NAME)";
				WRAPPER_EXTENSION = octest;
			};
			name = Release;
		};
/* End XCBuildConfiguration section */

/* Begin XCConfigurationList section */
		AD0CCE8F17E50CD000792099 /* Build configuration list for PBXProject "Core" */ = {
			isa = XCConfigurationList;
			buildConfigurations = (
				AD0CCEB517E50CD000792099 /* Debug */,
				AD0CCEB617E50CD000792099 /* Release */,
			);
			defaultConfigurationIsVisible = 0;
			defaultConfigurationName = Release;
		};
		AD0CCEB717E50CD000792099 /* Build configuration list for PBXNativeTarget "Core" */ = {
			isa = XCConfigurationList;
			buildConfigurations = (
				AD0CCEB817E50CD000792099 /* Debug */,
				AD0CCEB917E50CD000792099 /* Release */,
			);
			defaultConfigurationIsVisible = 0;
			defaultConfigurationName = Release;
		};
		AD9254B917E620B9006EC87F /* Build configuration list for PBXNativeTarget "CoreTests" */ = {
			isa = XCConfigurationList;
			buildConfigurations = (
				AD9254BA17E620B9006EC87F /* Debug */,
				AD9254BB17E620B9006EC87F /* Release */,
			);
			defaultConfigurationIsVisible = 0;
		};
/* End XCConfigurationList section */
	};
	rootObject = AD0CCE8C17E50CD000792099 /* Project object */;
}
